
Microsoft Visual Studio Solution File, Format Version 12.00
# Visual Studio Version 17
VisualStudioVersion = 17.0.31903.59
MinimumVisualStudioVersion = 10.0.40219.1
Project("{2150E333-8FDC-42A3-9474-1A3956D46DE8}") = "src", "src", "{6D4DC157-3B70-4AD2-9EF5-37722C699C2A}"
EndProject
Project("{FAE04EC0-301F-11D3-BF4B-00C04F79EFBC}") = "AuctionService", "src\AuctionService\AuctionService.csproj", "{9CD3467E-9A0A-4BB1-BFFC-43AD1B7E578A}"
EndProject
Project("{FAE04EC0-301F-11D3-BF4B-00C04F79EFBC}") = "SearchService", "src\SearchService\SearchService.csproj", "{F442C575-E0AA-48BE-9A9C-ACD0C970D527}"
EndProject
Project("{FAE04EC0-301F-11D3-BF4B-00C04F79EFBC}") = "Contracts", "src\Contracts\Contracts.csproj", "{C6E6E925-DAFD-457F-BD36-B019CE1511A3}"
EndProject
Project("{FAE04EC0-301F-11D3-BF4B-00C04F79EFBC}") = "IdentityService", "src\IdentityService\IdentityService.csproj", "{234D9077-202A-44C8-84EA-3ADFF411F53E}"
EndProject
Project("{FAE04EC0-301F-11D3-BF4B-00C04F79EFBC}") = "GatewayService", "src\GatewayService\GatewayService.csproj", "{CDC79A23-7536-4344-BE48-0E6889191A80}"
EndProject
Global
	GlobalSection(SolutionConfigurationPlatforms) = preSolution
		Debug|Any CPU = Debug|Any CPU
		Release|Any CPU = Release|Any CPU
	EndGlobalSection
	GlobalSection(SolutionProperties) = preSolution
		HideSolutionNode = FALSE
	EndGlobalSection
	GlobalSection(ProjectConfigurationPlatforms) = postSolution
		{9CD3467E-9A0A-4BB1-BFFC-43AD1B7E578A}.Debug|Any CPU.ActiveCfg = Debug|Any CPU
		{9CD3467E-9A0A-4BB1-BFFC-43AD1B7E578A}.Debug|Any CPU.Build.0 = Debug|Any CPU
		{9CD3467E-9A0A-4BB1-BFFC-43AD1B7E578A}.Release|Any CPU.ActiveCfg = Release|Any CPU
		{9CD3467E-9A0A-4BB1-BFFC-43AD1B7E578A}.Release|Any CPU.Build.0 = Release|Any CPU
		{F442C575-E0AA-48BE-9A9C-ACD0C970D527}.Debug|Any CPU.ActiveCfg = Debug|Any CPU
		{F442C575-E0AA-48BE-9A9C-ACD0C970D527}.Debug|Any CPU.Build.0 = Debug|Any CPU
		{F442C575-E0AA-48BE-9A9C-ACD0C970D527}.Release|Any CPU.ActiveCfg = Release|Any CPU
		{F442C575-E0AA-48BE-9A9C-ACD0C970D527}.Release|Any CPU.Build.0 = Release|Any CPU
		{C6E6E925-DAFD-457F-BD36-B019CE1511A3}.Debug|Any CPU.ActiveCfg = Debug|Any CPU
		{C6E6E925-DAFD-457F-BD36-B019CE1511A3}.Debug|Any CPU.Build.0 = Debug|Any CPU
		{C6E6E925-DAFD-457F-BD36-B019CE1511A3}.Release|Any CPU.ActiveCfg = Release|Any CPU
		{C6E6E925-DAFD-457F-BD36-B019CE1511A3}.Release|Any CPU.Build.0 = Release|Any CPU
		{234D9077-202A-44C8-84EA-3ADFF411F53E}.Debug|Any CPU.ActiveCfg = Debug|Any CPU
		{234D9077-202A-44C8-84EA-3ADFF411F53E}.Debug|Any CPU.Build.0 = Debug|Any CPU
		{234D9077-202A-44C8-84EA-3ADFF411F53E}.Release|Any CPU.ActiveCfg = Release|Any CPU
		{234D9077-202A-44C8-84EA-3ADFF411F53E}.Release|Any CPU.Build.0 = Release|Any CPU
		{CDC79A23-7536-4344-BE48-0E6889191A80}.Debug|Any CPU.ActiveCfg = Debug|Any CPU
		{CDC79A23-7536-4344-BE48-0E6889191A80}.Debug|Any CPU.Build.0 = Debug|Any CPU
		{CDC79A23-7536-4344-BE48-0E6889191A80}.Release|Any CPU.ActiveCfg = Release|Any CPU
		{CDC79A23-7536-4344-BE48-0E6889191A80}.Release|Any CPU.Build.0 = Release|Any CPU
	EndGlobalSection
	GlobalSection(NestedProjects) = preSolution
		{9CD3467E-9A0A-4BB1-BFFC-43AD1B7E578A} = {6D4DC157-3B70-4AD2-9EF5-37722C699C2A}
		{F442C575-E0AA-48BE-9A9C-ACD0C970D527} = {6D4DC157-3B70-4AD2-9EF5-37722C699C2A}
		{C6E6E925-DAFD-457F-BD36-B019CE1511A3} = {6D4DC157-3B70-4AD2-9EF5-37722C699C2A}
		{234D9077-202A-44C8-84EA-3ADFF411F53E} = {6D4DC157-3B70-4AD2-9EF5-37722C699C2A}
		{CDC79A23-7536-4344-BE48-0E6889191A80} = {6D4DC157-3B70-4AD2-9EF5-37722C699C2A}
	EndGlobalSection
EndGlobal
