
Microsoft Visual Studio Solution File, Format Version 12.00
# Visual Studio Version 17
VisualStudioVersion = 17.5.002.0
MinimumVisualStudioVersion = 10.0.40219.1
Project("{9A19103F-16F7-4668-BE54-9A1E7A4F7556}") = "AuctionService", "AuctionService\AuctionService.csproj", "{0251B50C-7C30-498B-9B2D-562604081AA2}"
EndProject
Project("{9A19103F-16F7-4668-BE54-9A1E7A4F7556}") = "Contracts", "Contracts\Contracts.csproj", "{F6F9C9DE-817E-4D61-A5E6-189BD4F3D064}"
EndProject
Project("{9A19103F-16F7-4668-BE54-9A1E7A4F7556}") = "GatewayService", "GatewayService\GatewayService.csproj", "{74D0108D-4A7B-4905-8220-A749EA1646D4}"
EndProject
Project("{9A19103F-16F7-4668-BE54-9A1E7A4F7556}") = "IdentityService", "IdentityService\IdentityService.csproj", "{BB6480F6-3812-4D07-B730-AD8956B830A5}"
EndProject
Project("{9A19103F-16F7-4668-BE54-9A1E7A4F7556}") = "SearchService", "SearchService\SearchService.csproj", "{F4891593-4B25-4398-BB11-5A1664F0B64E}"
EndProject
Global
	GlobalSection(SolutionConfigurationPlatforms) = preSolution
		Debug|Any CPU = Debug|Any CPU
		Release|Any CPU = Release|Any CPU
	EndGlobalSection
	GlobalSection(ProjectConfigurationPlatforms) = postSolution
		{0251B50C-7C30-498B-9B2D-562604081AA2}.Debug|Any CPU.ActiveCfg = Debug|Any CPU
		{0251B50C-7C30-498B-9B2D-562604081AA2}.Debug|Any CPU.Build.0 = Debug|Any CPU
		{0251B50C-7C30-498B-9B2D-562604081AA2}.Release|Any CPU.ActiveCfg = Release|Any CPU
		{0251B50C-7C30-498B-9B2D-562604081AA2}.Release|Any CPU.Build.0 = Release|Any CPU
		{F6F9C9DE-817E-4D61-A5E6-189BD4F3D064}.Debug|Any CPU.ActiveCfg = Debug|Any CPU
		{F6F9C9DE-817E-4D61-A5E6-189BD4F3D064}.Debug|Any CPU.Build.0 = Debug|Any CPU
		{F6F9C9DE-817E-4D61-A5E6-189BD4F3D064}.Release|Any CPU.ActiveCfg = Release|Any CPU
		{F6F9C9DE-817E-4D61-A5E6-189BD4F3D064}.Release|Any CPU.Build.0 = Release|Any CPU
		{74D0108D-4A7B-4905-8220-A749EA1646D4}.Debug|Any CPU.ActiveCfg = Debug|Any CPU
		{74D0108D-4A7B-4905-8220-A749EA1646D4}.Debug|Any CPU.Build.0 = Debug|Any CPU
		{74D0108D-4A7B-4905-8220-A749EA1646D4}.Release|Any CPU.ActiveCfg = Release|Any CPU
		{74D0108D-4A7B-4905-8220-A749EA1646D4}.Release|Any CPU.Build.0 = Release|Any CPU
		{BB6480F6-3812-4D07-B730-AD8956B830A5}.Debug|Any CPU.ActiveCfg = Debug|Any CPU
		{BB6480F6-3812-4D07-B730-AD8956B830A5}.Debug|Any CPU.Build.0 = Debug|Any CPU
		{BB6480F6-3812-4D07-B730-AD8956B830A5}.Release|Any CPU.ActiveCfg = Release|Any CPU
		{BB6480F6-3812-4D07-B730-AD8956B830A5}.Release|Any CPU.Build.0 = Release|Any CPU
		{F4891593-4B25-4398-BB11-5A1664F0B64E}.Debug|Any CPU.ActiveCfg = Debug|Any CPU
		{F4891593-4B25-4398-BB11-5A1664F0B64E}.Debug|Any CPU.Build.0 = Debug|Any CPU
		{F4891593-4B25-4398-BB11-5A1664F0B64E}.Release|Any CPU.ActiveCfg = Release|Any CPU
		{F4891593-4B25-4398-BB11-5A1664F0B64E}.Release|Any CPU.Build.0 = Release|Any CPU
	EndGlobalSection
	GlobalSection(SolutionProperties) = preSolution
		HideSolutionNode = FALSE
	EndGlobalSection
	GlobalSection(ExtensibilityGlobals) = postSolution
		SolutionGuid = {DC101D33-CFB7-4655-AB6C-DA94932E4771}
	EndGlobalSection
EndGlobal
